
Microsoft Visual Studio Solution File, Format Version 12.00
# Visual Studio Version 17
VisualStudioVersion = 17.7.34031.279
MinimumVisualStudioVersion = 10.0.40219.1
Project("{FAE04EC0-301F-11D3-BF4B-00C04F79EFBC}") = "csharp_Study", "csharp_Study\csharp_Study.csproj", "{A5BA888A-8F81-43E2-BB59-594CE6D2540B}"
EndProject
Global
	GlobalSection(SolutionConfigurationPlatforms) = preSolution
		Debug|Any CPU = Debug|Any CPU
		Release|Any CPU = Release|Any CPU
	EndGlobalSection
	GlobalSection(ProjectConfigurationPlatforms) = postSolution
		{A5BA888A-8F81-43E2-BB59-594CE6D2540B}.Debug|Any CPU.ActiveCfg = Debug|Any CPU
		{A5BA888A-8F81-43E2-BB59-594CE6D2540B}.Debug|Any CPU.Build.0 = Debug|Any CPU
		{A5BA888A-8F81-43E2-BB59-594CE6D2540B}.Release|Any CPU.ActiveCfg = Release|Any CPU
		{A5BA888A-8F81-43E2-BB59-594CE6D2540B}.Release|Any CPU.Build.0 = Release|Any CPU
	EndGlobalSection
	GlobalSection(SolutionProperties) = preSolution
		HideSolutionNode = FALSE
	EndGlobalSection
	GlobalSection(ExtensibilityGlobals) = postSolution
		SolutionGuid = {9F524FF4-EE34-4EE8-9976-7F17656EEC0D}
	EndGlobalSection
EndGlobal
